
Microsoft Visual Studio Solution File, Format Version 12.00
# Visual Studio Version 16
VisualStudioVersion = 16.0.30011.22
MinimumVisualStudioVersion = 10.0.40219.1
Project("{FAE04EC0-301F-11D3-BF4B-00C04F79EFBC}") = "Notes.UWP", "Notes.UWP\Notes.UWP.csproj", "{A6300AFC-1929-4F87-84AB-B237FFDDCABD}"
EndProject
Project("{FAE04EC0-301F-11D3-BF4B-00C04F79EFBC}") = "Notes.Android", "Notes.Android\Notes.Android.csproj", "{38D381EE-8610-4EC9-BC78-8559BCB67DAC}"
EndProject
Project("{FAE04EC0-301F-11D3-BF4B-00C04F79EFBC}") = "Notes.iOS", "Notes.iOS\Notes.iOS.csproj", "{6C360E1F-D0BC-4418-A22E-AF718ED74672}"
EndProject
Project("{FAE04EC0-301F-11D3-BF4B-00C04F79EFBC}") = "Notes", "Notes\Notes.csproj", "{925C9AE6-47C8-4601-83A0-5E7460BE37EC}"
EndProject
Global
	GlobalSection(SolutionConfigurationPlatforms) = preSolution
		Debug|Any CPU = Debug|Any CPU
		Debug|ARM = Debug|ARM
		Debug|iPhone = Debug|iPhone
		Debug|iPhoneSimulator = Debug|iPhoneSimulator
		Debug|x64 = Debug|x64
		Debug|x86 = Debug|x86
		Release|Any CPU = Release|Any CPU
		Release|ARM = Release|ARM
		Release|iPhone = Release|iPhone
		Release|iPhoneSimulator = Release|iPhoneSimulator
		Release|x64 = Release|x64
		Release|x86 = Release|x86
	EndGlobalSection
	GlobalSection(ProjectConfigurationPlatforms) = postSolution
		{A6300AFC-1929-4F87-84AB-B237FFDDCABD}.Debug|Any CPU.ActiveCfg = Debug|x86
		{A6300AFC-1929-4F87-84AB-B237FFDDCABD}.Debug|Any CPU.Build.0 = Debug|x86
		{A6300AFC-1929-4F87-84AB-B237FFDDCABD}.Debug|Any CPU.Deploy.0 = Debug|x86
		{A6300AFC-1929-4F87-84AB-B237FFDDCABD}.Debug|ARM.ActiveCfg = Debug|ARM
		{A6300AFC-1929-4F87-84AB-B237FFDDCABD}.Debug|ARM.Build.0 = Debug|ARM
		{A6300AFC-1929-4F87-84AB-B237FFDDCABD}.Debug|ARM.Deploy.0 = Debug|ARM
		{A6300AFC-1929-4F87-84AB-B237FFDDCABD}.Debug|iPhone.ActiveCfg = Debug|x86
		{A6300AFC-1929-4F87-84AB-B237FFDDCABD}.Debug|iPhone.Build.0 = Debug|x86
		{A6300AFC-1929-4F87-84AB-B237FFDDCABD}.Debug|iPhone.Deploy.0 = Debug|x86
		{A6300AFC-1929-4F87-84AB-B237FFDDCABD}.Debug|iPhoneSimulator.ActiveCfg = Debug|x86
		{A6300AFC-1929-4F87-84AB-B237FFDDCABD}.Debug|iPhoneSimulator.Build.0 = Debug|x86
		{A6300AFC-1929-4F87-84AB-B237FFDDCABD}.Debug|iPhoneSimulator.Deploy.0 = Debug|x86
		{A6300AFC-1929-4F87-84AB-B237FFDDCABD}.Debug|x64.ActiveCfg = Debug|x64
		{A6300AFC-1929-4F87-84AB-B237FFDDCABD}.Debug|x64.Build.0 = Debug|x64
		{A6300AFC-1929-4F87-84AB-B237FFDDCABD}.Debug|x64.Deploy.0 = Debug|x64
		{A6300AFC-1929-4F87-84AB-B237FFDDCABD}.Debug|x86.ActiveCfg = Debug|x86
		{A6300AFC-1929-4F87-84AB-B237FFDDCABD}.Debug|x86.Build.0 = Debug|x86
		{A6300AFC-1929-4F87-84AB-B237FFDDCABD}.Debug|x86.Deploy.0 = Debug|x86
		{A6300AFC-1929-4F87-84AB-B237FFDDCABD}.Release|Any CPU.ActiveCfg = Release|x86
		{A6300AFC-1929-4F87-84AB-B237FFDDCABD}.Release|Any CPU.Build.0 = Release|x86
		{A6300AFC-1929-4F87-84AB-B237FFDDCABD}.Release|Any CPU.Deploy.0 = Release|x86
		{A6300AFC-1929-4F87-84AB-B237FFDDCABD}.Release|ARM.ActiveCfg = Release|ARM
		{A6300AFC-1929-4F87-84AB-B237FFDDCABD}.Release|ARM.Build.0 = Release|ARM
		{A6300AFC-1929-4F87-84AB-B237FFDDCABD}.Release|ARM.Deploy.0 = Release|ARM
		{A6300AFC-1929-4F87-84AB-B237FFDDCABD}.Release|iPhone.ActiveCfg = Release|x86
		{A6300AFC-1929-4F87-84AB-B237FFDDCABD}.Release|iPhone.Build.0 = Release|x86
		{A6300AFC-1929-4F87-84AB-B237FFDDCABD}.Release|iPhone.Deploy.0 = Release|x86
		{A6300AFC-1929-4F87-84AB-B237FFDDCABD}.Release|iPhoneSimulator.ActiveCfg = Release|x86
		{A6300AFC-1929-4F87-84AB-B237FFDDCABD}.Release|iPhoneSimulator.Build.0 = Release|x86
		{A6300AFC-1929-4F87-84AB-B237FFDDCABD}.Release|iPhoneSimulator.Deploy.0 = Release|x86
		{A6300AFC-1929-4F87-84AB-B237FFDDCABD}.Release|x64.ActiveCfg = Release|x64
		{A6300AFC-1929-4F87-84AB-B237FFDDCABD}.Release|x64.Build.0 = Release|x64
		{A6300AFC-1929-4F87-84AB-B237FFDDCABD}.Release|x64.Deploy.0 = Release|x64
		{A6300AFC-1929-4F87-84AB-B237FFDDCABD}.Release|x86.ActiveCfg = Release|x86
		{A6300AFC-1929-4F87-84AB-B237FFDDCABD}.Release|x86.Build.0 = Release|x86
		{A6300AFC-1929-4F87-84AB-B237FFDDCABD}.Release|x86.Deploy.0 = Release|x86
		{38D381EE-8610-4EC9-BC78-8559BCB67DAC}.Debug|Any CPU.ActiveCfg = Debug|Any CPU
		{38D381EE-8610-4EC9-BC78-8559BCB67DAC}.Debug|Any CPU.Build.0 = Debug|Any CPU
		{38D381EE-8610-4EC9-BC78-8559BCB67DAC}.Debug|Any CPU.Deploy.0 = Debug|Any CPU
		{38D381EE-8610-4EC9-BC78-8559BCB67DAC}.Debug|ARM.ActiveCfg = Debug|Any CPU
		{38D381EE-8610-4EC9-BC78-8559BCB67DAC}.Debug|ARM.Build.0 = Debug|Any CPU
		{38D381EE-8610-4EC9-BC78-8559BCB67DAC}.Debug|ARM.Deploy.0 = Debug|Any CPU
		{38D381EE-8610-4EC9-BC78-8559BCB67DAC}.Debug|iPhone.ActiveCfg = Debug|Any CPU
		{38D381EE-8610-4EC9-BC78-8559BCB67DAC}.Debug|iPhone.Build.0 = Debug|Any CPU
		{38D381EE-8610-4EC9-BC78-8559BCB67DAC}.Debug|iPhone.Deploy.0 = Debug|Any CPU
		{38D381EE-8610-4EC9-BC78-8559BCB67DAC}.Debug|iPhoneSimulator.ActiveCfg = Debug|Any CPU
		{38D381EE-8610-4EC9-BC78-8559BCB67DAC}.Debug|iPhoneSimulator.Build.0 = Debug|Any CPU
		{38D381EE-8610-4EC9-BC78-8559BCB67DAC}.Debug|iPhoneSimulator.Deploy.0 = Debug|Any CPU
		{38D381EE-8610-4EC9-BC78-8559BCB67DAC}.Debug|x64.ActiveCfg = Debug|Any CPU
		{38D381EE-8610-4EC9-BC78-8559BCB67DAC}.Debug|x64.Build.0 = Debug|Any CPU
		{38D381EE-8610-4EC9-BC78-8559BCB67DAC}.Debug|x64.Deploy.0 = Debug|Any CPU
		{38D381EE-8610-4EC9-BC78-8559BCB67DAC}.Debug|x86.ActiveCfg = Debug|Any CPU
		{38D381EE-8610-4EC9-BC78-8559BCB67DAC}.Debug|x86.Build.0 = Debug|Any CPU
		{38D381EE-8610-4EC9-BC78-8559BCB67DAC}.Debug|x86.Deploy.0 = Debug|Any CPU
		{38D381EE-8610-4EC9-BC78-8559BCB67DAC}.Release|Any CPU.ActiveCfg = Release|Any CPU
		{38D381EE-8610-4EC9-BC78-8559BCB67DAC}.Release|Any CPU.Build.0 = Release|Any CPU
		{38D381EE-8610-4EC9-BC78-8559BCB67DAC}.Release|Any CPU.Deploy.0 = Release|Any CPU
		{38D381EE-8610-4EC9-BC78-8559BCB67DAC}.Release|ARM.ActiveCfg = Release|Any CPU
		{38D381EE-8610-4EC9-BC78-8559BCB67DAC}.Release|ARM.Build.0 = Release|Any CPU
		{38D381EE-8610-4EC9-BC78-8559BCB67DAC}.Release|ARM.Deploy.0 = Release|Any CPU
		{38D381EE-8610-4EC9-BC78-8559BCB67DAC}.Release|iPhone.ActiveCfg = Release|Any CPU
		{38D381EE-8610-4EC9-BC78-8559BCB67DAC}.Release|iPhone.Build.0 = Release|Any CPU
		{38D381EE-8610-4EC9-BC78-8559BCB67DAC}.Release|iPhone.Deploy.0 = Release|Any CPU
		{38D381EE-8610-4EC9-BC78-8559BCB67DAC}.Release|iPhoneSimulator.ActiveCfg = Release|Any CPU
		{38D381EE-8610-4EC9-BC78-8559BCB67DAC}.Release|iPhoneSimulator.Build.0 = Release|Any CPU
		{38D381EE-8610-4EC9-BC78-8559BCB67DAC}.Release|iPhoneSimulator.Deploy.0 = Release|Any CPU
		{38D381EE-8610-4EC9-BC78-8559BCB67DAC}.Release|x64.ActiveCfg = Release|Any CPU
		{38D381EE-8610-4EC9-BC78-8559BCB67DAC}.Release|x64.Build.0 = Release|Any CPU
		{38D381EE-8610-4EC9-BC78-8559BCB67DAC}.Release|x64.Deploy.0 = Release|Any CPU
		{38D381EE-8610-4EC9-BC78-8559BCB67DAC}.Release|x86.ActiveCfg = Release|Any CPU
		{38D381EE-8610-4EC9-BC78-8559BCB67DAC}.Release|x86.Build.0 = Release|Any CPU
		{38D381EE-8610-4EC9-BC78-8559BCB67DAC}.Release|x86.Deploy.0 = Release|Any CPU
		{6C360E1F-D0BC-4418-A22E-AF718ED74672}.Debug|Any CPU.ActiveCfg = Debug|iPhone
		{6C360E1F-D0BC-4418-A22E-AF718ED74672}.Debug|Any CPU.Build.0 = Debug|iPhone
		{6C360E1F-D0BC-4418-A22E-AF718ED74672}.Debug|Any CPU.Deploy.0 = Debug|iPhone
		{6C360E1F-D0BC-4418-A22E-AF718ED74672}.Debug|ARM.ActiveCfg = Debug|iPhone
		{6C360E1F-D0BC-4418-A22E-AF718ED74672}.Debug|ARM.Build.0 = Debug|iPhone
		{6C360E1F-D0BC-4418-A22E-AF718ED74672}.Debug|ARM.Deploy.0 = Debug|iPhone
		{6C360E1F-D0BC-4418-A22E-AF718ED74672}.Debug|iPhone.ActiveCfg = Debug|iPhone
		{6C360E1F-D0BC-4418-A22E-AF718ED74672}.Debug|iPhone.Build.0 = Debug|iPhone
		{6C360E1F-D0BC-4418-A22E-AF718ED74672}.Debug|iPhone.Deploy.0 = Debug|iPhone
		{6C360E1F-D0BC-4418-A22E-AF718ED74672}.Debug|iPhoneSimulator.ActiveCfg = Debug|iPhoneSimulator
		{6C360E1F-D0BC-4418-A22E-AF718ED74672}.Debug|iPhoneSimulator.Build.0 = Debug|iPhoneSimulator
		{6C360E1F-D0BC-4418-A22E-AF718ED74672}.Debug|iPhoneSimulator.Deploy.0 = Debug|iPhoneSimulator
		{6C360E1F-D0BC-4418-A22E-AF718ED74672}.Debug|x64.ActiveCfg = Debug|iPhone
		{6C360E1F-D0BC-4418-A22E-AF718ED74672}.Debug|x64.Build.0 = Debug|iPhone
		{6C360E1F-D0BC-4418-A22E-AF718ED74672}.Debug|x64.Deploy.0 = Debug|iPhone
		{6C360E1F-D0BC-4418-A22E-AF718ED74672}.Debug|x86.ActiveCfg = Debug|iPhone
		{6C360E1F-D0BC-4418-A22E-AF718ED74672}.Debug|x86.Build.0 = Debug|iPhone
		{6C360E1F-D0BC-4418-A22E-AF718ED74672}.Debug|x86.Deploy.0 = Debug|iPhone
		{6C360E1F-D0BC-4418-A22E-AF718ED74672}.Release|Any CPU.ActiveCfg = Release|iPhone
		{6C360E1F-D0BC-4418-A22E-AF718ED74672}.Release|Any CPU.Build.0 = Release|iPhone
		{6C360E1F-D0BC-4418-A22E-AF718ED74672}.Release|Any CPU.Deploy.0 = Release|iPhone
		{6C360E1F-D0BC-4418-A22E-AF718ED74672}.Release|ARM.ActiveCfg = Release|iPhone
		{6C360E1F-D0BC-4418-A22E-AF718ED74672}.Release|ARM.Build.0 = Release|iPhone
		{6C360E1F-D0BC-4418-A22E-AF718ED74672}.Release|ARM.Deploy.0 = Release|iPhone
		{6C360E1F-D0BC-4418-A22E-AF718ED74672}.Release|iPhone.ActiveCfg = Release|iPhone
		{6C360E1F-D0BC-4418-A22E-AF718ED74672}.Release|iPhone.Build.0 = Release|iPhone
		{6C360E1F-D0BC-4418-A22E-AF718ED74672}.Release|iPhone.Deploy.0 = Release|iPhone
		{6C360E1F-D0BC-4418-A22E-AF718ED74672}.Release|iPhoneSimulator.ActiveCfg = Release|iPhoneSimulator
		{6C360E1F-D0BC-4418-A22E-AF718ED74672}.Release|iPhoneSimulator.Build.0 = Release|iPhoneSimulator
		{6C360E1F-D0BC-4418-A22E-AF718ED74672}.Release|iPhoneSimulator.Deploy.0 = Release|iPhoneSimulator
		{6C360E1F-D0BC-4418-A22E-AF718ED74672}.Release|x64.ActiveCfg = Release|iPhone
		{6C360E1F-D0BC-4418-A22E-AF718ED74672}.Release|x64.Build.0 = Release|iPhone
		{6C360E1F-D0BC-4418-A22E-AF718ED74672}.Release|x64.Deploy.0 = Release|iPhone
		{6C360E1F-D0BC-4418-A22E-AF718ED74672}.Release|x86.ActiveCfg = Release|iPhone
		{6C360E1F-D0BC-4418-A22E-AF718ED74672}.Release|x86.Build.0 = Release|iPhone
		{6C360E1F-D0BC-4418-A22E-AF718ED74672}.Release|x86.Deploy.0 = Release|iPhone
		{925C9AE6-47C8-4601-83A0-5E7460BE37EC}.Debug|Any CPU.ActiveCfg = Debug|Any CPU
		{925C9AE6-47C8-4601-83A0-5E7460BE37EC}.Debug|Any CPU.Build.0 = Debug|Any CPU
		{925C9AE6-47C8-4601-83A0-5E7460BE37EC}.Debug|Any CPU.Deploy.0 = Debug|Any CPU
		{925C9AE6-47C8-4601-83A0-5E7460BE37EC}.Debug|ARM.ActiveCfg = Debug|Any CPU
		{925C9AE6-47C8-4601-83A0-5E7460BE37EC}.Debug|ARM.Build.0 = Debug|Any CPU
		{925C9AE6-47C8-4601-83A0-5E7460BE37EC}.Debug|ARM.Deploy.0 = Debug|Any CPU
		{925C9AE6-47C8-4601-83A0-5E7460BE37EC}.Debug|iPhone.ActiveCfg = Debug|Any CPU
		{925C9AE6-47C8-4601-83A0-5E7460BE37EC}.Debug|iPhone.Build.0 = Debug|Any CPU
		{925C9AE6-47C8-4601-83A0-5E7460BE37EC}.Debug|iPhone.Deploy.0 = Debug|Any CPU
		{925C9AE6-47C8-4601-83A0-5E7460BE37EC}.Debug|iPhoneSimulator.ActiveCfg = Debug|Any CPU
		{925C9AE6-47C8-4601-83A0-5E7460BE37EC}.Debug|iPhoneSimulator.Build.0 = Debug|Any CPU
		{925C9AE6-47C8-4601-83A0-5E7460BE37EC}.Debug|iPhoneSimulator.Deploy.0 = Debug|Any CPU
		{925C9AE6-47C8-4601-83A0-5E7460BE37EC}.Debug|x64.ActiveCfg = Debug|Any CPU
		{925C9AE6-47C8-4601-83A0-5E7460BE37EC}.Debug|x64.Build.0 = Debug|Any CPU
		{925C9AE6-47C8-4601-83A0-5E7460BE37EC}.Debug|x64.Deploy.0 = Debug|Any CPU
		{925C9AE6-47C8-4601-83A0-5E7460BE37EC}.Debug|x86.ActiveCfg = Debug|Any CPU
		{925C9AE6-47C8-4601-83A0-5E7460BE37EC}.Debug|x86.Build.0 = Debug|Any CPU
		{925C9AE6-47C8-4601-83A0-5E7460BE37EC}.Debug|x86.Deploy.0 = Debug|Any CPU
		{925C9AE6-47C8-4601-83A0-5E7460BE37EC}.Release|Any CPU.ActiveCfg = Release|Any CPU
		{925C9AE6-47C8-4601-83A0-5E7460BE37EC}.Release|Any CPU.Build.0 = Release|Any CPU
		{925C9AE6-47C8-4601-83A0-5E7460BE37EC}.Release|Any CPU.Deploy.0 = Release|Any CPU
		{925C9AE6-47C8-4601-83A0-5E7460BE37EC}.Release|ARM.ActiveCfg = Release|Any CPU
		{925C9AE6-47C8-4601-83A0-5E7460BE37EC}.Release|ARM.Build.0 = Release|Any CPU
		{925C9AE6-47C8-4601-83A0-5E7460BE37EC}.Release|ARM.Deploy.0 = Release|Any CPU
		{925C9AE6-47C8-4601-83A0-5E7460BE37EC}.Release|iPhone.ActiveCfg = Release|Any CPU
		{925C9AE6-47C8-4601-83A0-5E7460BE37EC}.Release|iPhone.Build.0 = Release|Any CPU
		{925C9AE6-47C8-4601-83A0-5E7460BE37EC}.Release|iPhone.Deploy.0 = Release|Any CPU
		{925C9AE6-47C8-4601-83A0-5E7460BE37EC}.Release|iPhoneSimulator.ActiveCfg = Release|Any CPU
		{925C9AE6-47C8-4601-83A0-5E7460BE37EC}.Release|iPhoneSimulator.Build.0 = Release|Any CPU
		{925C9AE6-47C8-4601-83A0-5E7460BE37EC}.Release|iPhoneSimulator.Deploy.0 = Release|Any CPU
		{925C9AE6-47C8-4601-83A0-5E7460BE37EC}.Release|x64.ActiveCfg = Release|Any CPU
		{925C9AE6-47C8-4601-83A0-5E7460BE37EC}.Release|x64.Build.0 = Release|Any CPU
		{925C9AE6-47C8-4601-83A0-5E7460BE37EC}.Release|x64.Deploy.0 = Release|Any CPU
		{925C9AE6-47C8-4601-83A0-5E7460BE37EC}.Release|x86.ActiveCfg = Release|Any CPU
		{925C9AE6-47C8-4601-83A0-5E7460BE37EC}.Release|x86.Build.0 = Release|Any CPU
		{925C9AE6-47C8-4601-83A0-5E7460BE37EC}.Release|x86.Deploy.0 = Release|Any CPU
	EndGlobalSection
	GlobalSection(SolutionProperties) = preSolution
		HideSolutionNode = FALSE
	EndGlobalSection
	GlobalSection(ExtensibilityGlobals) = postSolution
		SolutionGuid = {C76FF683-52BF-4C21-943A-45F9450FC775}
	EndGlobalSection
EndGlobal
